
Microsoft Visual Studio Solution File, Format Version 12.00
# Visual Studio Version 17
VisualStudioVersion = 17.3.32825.248
MinimumVisualStudioVersion = 10.0.40219.1
Project("{FAE04EC0-301F-11D3-BF4B-00C04F79EFBC}") = "EnglishLearningApp", "EnglishLearningApp\EnglishLearningApp.csproj", "{61D95FB3-93FB-4D1E-B799-6D6CFBF7B0CA}"
EndProject
Project("{FAE04EC0-301F-11D3-BF4B-00C04F79EFBC}") = "Client", "Client\Client.csproj", "{5AA70475-ACD2-4886-ABA7-184872827E09}"
EndProject
Global
	GlobalSection(SolutionConfigurationPlatforms) = preSolution
		Debug|Any CPU = Debug|Any CPU
		Release|Any CPU = Release|Any CPU
	EndGlobalSection
	GlobalSection(ProjectConfigurationPlatforms) = postSolution
		{61D95FB3-93FB-4D1E-B799-6D6CFBF7B0CA}.Debug|Any CPU.ActiveCfg = Debug|Any CPU
		{61D95FB3-93FB-4D1E-B799-6D6CFBF7B0CA}.Debug|Any CPU.Build.0 = Debug|Any CPU
		{61D95FB3-93FB-4D1E-B799-6D6CFBF7B0CA}.Release|Any CPU.ActiveCfg = Release|Any CPU
		{61D95FB3-93FB-4D1E-B799-6D6CFBF7B0CA}.Release|Any CPU.Build.0 = Release|Any CPU
		{5AA70475-ACD2-4886-ABA7-184872827E09}.Debug|Any CPU.ActiveCfg = Debug|Any CPU
		{5AA70475-ACD2-4886-ABA7-184872827E09}.Debug|Any CPU.Build.0 = Debug|Any CPU
		{5AA70475-ACD2-4886-ABA7-184872827E09}.Release|Any CPU.ActiveCfg = Release|Any CPU
		{5AA70475-ACD2-4886-ABA7-184872827E09}.Release|Any CPU.Build.0 = Release|Any CPU
	EndGlobalSection
	GlobalSection(SolutionProperties) = preSolution
		HideSolutionNode = FALSE
	EndGlobalSection
	GlobalSection(ExtensibilityGlobals) = postSolution
		SolutionGuid = {95AED878-4653-4E84-876B-55946C3FB03D}
	EndGlobalSection
EndGlobal
